lockfileVersion: '9.0'

settings:
  autoInstallPeers: true
  excludeLinksFromLockfile: false

importers:

  .:
    dependencies:
      arraybuffer-xml-parser:
        specifier: ^0.6.0
        version: 0.6.1
      undici:
        specifier: ^5.18.0
        version: 5.28.4

packages:

  '@fastify/busboy@2.1.1':
    resolution: {integrity: sha512-vBZP4NlzfOlerQTnba4aqZoMhE/a9HY7HRqoOPaETQcSQuWEIyZMHGfVu6w9wGtGK5fED5qRs2DteVCjOH60sA==}
    engines: {node: '>=14'}

  arraybuffer-xml-parser@0.6.1:
    resolution: {integrity: sha512-wOEFYyucTLJXq+tUhoiaEOZVzpfuu2rXkD0dK86W/Ln8SWS2OA2WlZ6FE2Q1We3VWWqxY3ZkqIxYQVBNHuc9Ng==}

  dynamic-typing@1.0.1:
    resolution: {integrity: sha512-KYvDeLd4kPxs5rn/GLDQ2FLrncVVqvUfQKkhbYYaM+51zXjQwyOejP5TuAnAjdX6o+PjdMgcfhr3M7h5hQv4yA==}

  undici@5.28.4:
    resolution: {integrity: sha512-72RFADWFqKmUb2hmmvNODKL3p9hcB6Gt2DOQMis1SEBaV6a4MH8soBvzg+95CYhCKPFedut2JY9bMfrDl9D23g==}
    engines: {node: '>=14.0'}

snapshots:

  '@fastify/busboy@2.1.1': {}

  arraybuffer-xml-parser@0.6.1:
    dependencies:
      dynamic-typing: 1.0.1

  dynamic-typing@1.0.1: {}

  undici@5.28.4:
    dependencies:
      '@fastify/busboy': 2.1.1
